
Microsoft Visual Studio Solution File, Format Version 12.00
# Visual Studio 2013
VisualStudioVersion = 12.0.21005.1
MinimumVisualStudioVersion = 10.0.40219.1
Project("{FAE04EC0-301F-11D3-BF4B-00C04F79EFBC}") = "Buoi_03", "Buoi_03\Buoi_03.csproj", "{CA1DA89F-7D31-43C5-8F22-D5FE1087E6B5}"
EndProject
Project("{FAE04EC0-301F-11D3-BF4B-00C04F79EFBC}") = "TongMangDeQui", "TongMangDeQui\TongMangDeQui.csproj", "{03702B79-C7BB-4D43-9196-EB64DCC7E427}"
EndProject
Global
	GlobalSection(SolutionConfigurationPlatforms) = preSolution
		Debug|Any CPU = Debug|Any CPU
		Release|Any CPU = Release|Any CPU
	EndGlobalSection
	GlobalSection(ProjectConfigurationPlatforms) = postSolution
		{CA1DA89F-7D31-43C5-8F22-D5FE1087E6B5}.Debug|Any CPU.ActiveCfg = Debug|Any CPU
		{CA1DA89F-7D31-43C5-8F22-D5FE1087E6B5}.Debug|Any CPU.Build.0 = Debug|Any CPU
		{CA1DA89F-7D31-43C5-8F22-D5FE1087E6B5}.Release|Any CPU.ActiveCfg = Release|Any CPU
		{CA1DA89F-7D31-43C5-8F22-D5FE1087E6B5}.Release|Any CPU.Build.0 = Release|Any CPU
		{03702B79-C7BB-4D43-9196-EB64DCC7E427}.Debug|Any CPU.ActiveCfg = Debug|Any CPU
		{03702B79-C7BB-4D43-9196-EB64DCC7E427}.Debug|Any CPU.Build.0 = Debug|Any CPU
		{03702B79-C7BB-4D43-9196-EB64DCC7E427}.Release|Any CPU.ActiveCfg = Release|Any CPU
		{03702B79-C7BB-4D43-9196-EB64DCC7E427}.Release|Any CPU.Build.0 = Release|Any CPU
	EndGlobalSection
	GlobalSection(SolutionProperties) = preSolution
		HideSolutionNode = FALSE
	EndGlobalSection
EndGlobal
